
Microsoft Visual Studio Solution File, Format Version 12.00
# Visual Studio 15
VisualStudioVersion = 15.0.27703.2035
MinimumVisualStudioVersion = 10.0.40219.1
Project("{9A19103F-16F7-4668-BE54-9A1E7A4F7556}") = "WebApi", "WebApi\WebApi.csproj", "{55021E38-3C22-4EB5-9B98-79819E9B6C9D}"
EndProject
Project("{9A19103F-16F7-4668-BE54-9A1E7A4F7556}") = "Tests", "Tests\Tests.csproj", "{F463C11E-AE81-4424-9F4A-B03CBFB315E8}"
EndProject
Global
	GlobalSection(SolutionConfigurationPlatforms) = preSolution
		Debug|Any CPU = Debug|Any CPU
		Release|Any CPU = Release|Any CPU
	EndGlobalSection
	GlobalSection(ProjectConfigurationPlatforms) = postSolution
		{55021E38-3C22-4EB5-9B98-79819E9B6C9D}.Debug|Any CPU.ActiveCfg = Debug|Any CPU
		{55021E38-3C22-4EB5-9B98-79819E9B6C9D}.Debug|Any CPU.Build.0 = Debug|Any CPU
		{55021E38-3C22-4EB5-9B98-79819E9B6C9D}.Release|Any CPU.ActiveCfg = Release|Any CPU
		{55021E38-3C22-4EB5-9B98-79819E9B6C9D}.Release|Any CPU.Build.0 = Release|Any CPU
		{F463C11E-AE81-4424-9F4A-B03CBFB315E8}.Debug|Any CPU.ActiveCfg = Debug|Any CPU
		{F463C11E-AE81-4424-9F4A-B03CBFB315E8}.Debug|Any CPU.Build.0 = Debug|Any CPU
		{F463C11E-AE81-4424-9F4A-B03CBFB315E8}.Release|Any CPU.ActiveCfg = Release|Any CPU
		{F463C11E-AE81-4424-9F4A-B03CBFB315E8}.Release|Any CPU.Build.0 = Release|Any CPU
	EndGlobalSection
	GlobalSection(SolutionProperties) = preSolution
		HideSolutionNode = FALSE
	EndGlobalSection
	GlobalSection(ExtensibilityGlobals) = postSolution
		SolutionGuid = {3DD4ABBB-05DD-4FF4-AF13-D1146964F5C8}
	EndGlobalSection
EndGlobal
